
Microsoft Visual Studio Solution File, Format Version 12.00
# Visual Studio 14
VisualStudioVersion = 14.0.25420.1
MinimumVisualStudioVersion = 10.0.40219.1
Project("{FAE04EC0-301F-11D3-BF4B-00C04F79EFBC}") = "XConceptTwo.Droid", "XConceptTwo\XConceptTwo.Droid\XConceptTwo.Droid.csproj", "{DB838398-694B-4368-8F4E-01FFCCEEDAA6}"
EndProject
Project("{FAE04EC0-301F-11D3-BF4B-00C04F79EFBC}") = "XConceptTwo.iOS", "XConceptTwo\XConceptTwo.iOS\XConceptTwo.iOS.csproj", "{5AD8FAAD-CD41-4DCE-ADFB-C96F7EDF4D73}"
EndProject
Project("{FAE04EC0-301F-11D3-BF4B-00C04F79EFBC}") = "XConceptTwo.WinPhone", "XConceptTwo\XConceptTwo.WinPhone\XConceptTwo.WinPhone.csproj", "{1C8566DF-FF60-4AB3-BA3B-DF821728E2F6}"
EndProject
Project("{FAE04EC0-301F-11D3-BF4B-00C04F79EFBC}") = "XConceptTwo.UWP", "XConceptTwo\XConceptTwo.UWP\XConceptTwo.UWP.csproj", "{894A4068-9811-46C1-8FF4-90A2419EF8CF}"
EndProject
Project("{FAE04EC0-301F-11D3-BF4B-00C04F79EFBC}") = "XConceptTwo.Windows", "XConceptTwo\XConceptTwo.Windows\XConceptTwo.Windows.csproj", "{530EE09C-3D1C-431F-B399-7334D787400D}"
EndProject
Project("{FAE04EC0-301F-11D3-BF4B-00C04F79EFBC}") = "XConceptTwo", "XConceptTwo\XConceptTwo\XConceptTwo.csproj", "{C25BB792-D049-4EC7-94F2-44B67EABC1F3}"
EndProject
Global
	GlobalSection(SolutionConfigurationPlatforms) = preSolution
		Ad-Hoc|Any CPU = Ad-Hoc|Any CPU
		Ad-Hoc|ARM = Ad-Hoc|ARM
		Ad-Hoc|iPhone = Ad-Hoc|iPhone
		Ad-Hoc|iPhoneSimulator = Ad-Hoc|iPhoneSimulator
		Ad-Hoc|x64 = Ad-Hoc|x64
		Ad-Hoc|x86 = Ad-Hoc|x86
		AppStore|Any CPU = AppStore|Any CPU
		AppStore|ARM = AppStore|ARM
		AppStore|iPhone = AppStore|iPhone
		AppStore|iPhoneSimulator = AppStore|iPhoneSimulator
		AppStore|x64 = AppStore|x64
		AppStore|x86 = AppStore|x86
		Debug|Any CPU = Debug|Any CPU
		Debug|ARM = Debug|ARM
		Debug|iPhone = Debug|iPhone
		Debug|iPhoneSimulator = Debug|iPhoneSimulator
		Debug|x64 = Debug|x64
		Debug|x86 = Debug|x86
		Release|Any CPU = Release|Any CPU
		Release|ARM = Release|ARM
		Release|iPhone = Release|iPhone
		Release|iPhoneSimulator = Release|iPhoneSimulator
		Release|x64 = Release|x64
		Release|x86 = Release|x86
	EndGlobalSection
	GlobalSection(ProjectConfigurationPlatforms) = postSolution
		{DB838398-694B-4368-8F4E-01FFCCEEDAA6}.Ad-Hoc|Any CPU.ActiveCfg = Release|Any CPU
		{DB838398-694B-4368-8F4E-01FFCCEEDAA6}.Ad-Hoc|Any CPU.Build.0 = Release|Any CPU
		{DB838398-694B-4368-8F4E-01FFCCEEDAA6}.Ad-Hoc|Any CPU.Deploy.0 = Release|Any CPU
		{DB838398-694B-4368-8F4E-01FFCCEEDAA6}.Ad-Hoc|ARM.ActiveCfg = Release|Any CPU
		{DB838398-694B-4368-8F4E-01FFCCEEDAA6}.Ad-Hoc|ARM.Build.0 = Release|Any CPU
		{DB838398-694B-4368-8F4E-01FFCCEEDAA6}.Ad-Hoc|ARM.Deploy.0 = Release|Any CPU
		{DB838398-694B-4368-8F4E-01FFCCEEDAA6}.Ad-Hoc|iPhone.ActiveCfg = Release|Any CPU
		{DB838398-694B-4368-8F4E-01FFCCEEDAA6}.Ad-Hoc|iPhone.Build.0 = Release|Any CPU
		{DB838398-694B-4368-8F4E-01FFCCEEDAA6}.Ad-Hoc|iPhone.Deploy.0 = Release|Any CPU
		{DB838398-694B-4368-8F4E-01FFCCEEDAA6}.Ad-Hoc|iPhoneSimulator.ActiveCfg = Release|Any CPU
		{DB838398-694B-4368-8F4E-01FFCCEEDAA6}.Ad-Hoc|iPhoneSimulator.Build.0 = Release|Any CPU
		{DB838398-694B-4368-8F4E-01FFCCEEDAA6}.Ad-Hoc|iPhoneSimulator.Deploy.0 = Release|Any CPU
		{DB838398-694B-4368-8F4E-01FFCCEEDAA6}.Ad-Hoc|x64.ActiveCfg = Release|Any CPU
		{DB838398-694B-4368-8F4E-01FFCCEEDAA6}.Ad-Hoc|x64.Build.0 = Release|Any CPU
		{DB838398-694B-4368-8F4E-01FFCCEEDAA6}.Ad-Hoc|x64.Deploy.0 = Release|Any CPU
		{DB838398-694B-4368-8F4E-01FFCCEEDAA6}.Ad-Hoc|x86.ActiveCfg = Release|Any CPU
		{DB838398-694B-4368-8F4E-01FFCCEEDAA6}.Ad-Hoc|x86.Build.0 = Release|Any CPU
		{DB838398-694B-4368-8F4E-01FFCCEEDAA6}.Ad-Hoc|x86.Deploy.0 = Release|Any CPU
		{DB838398-694B-4368-8F4E-01FFCCEEDAA6}.AppStore|Any CPU.ActiveCfg = Release|Any CPU
		{DB838398-694B-4368-8F4E-01FFCCEEDAA6}.AppStore|Any CPU.Build.0 = Release|Any CPU
		{DB838398-694B-4368-8F4E-01FFCCEEDAA6}.AppStore|Any CPU.Deploy.0 = Release|Any CPU
		{DB838398-694B-4368-8F4E-01FFCCEEDAA6}.AppStore|ARM.ActiveCfg = Release|Any CPU
		{DB838398-694B-4368-8F4E-01FFCCEEDAA6}.AppStore|ARM.Build.0 = Release|Any CPU
		{DB838398-694B-4368-8F4E-01FFCCEEDAA6}.AppStore|ARM.Deploy.0 = Release|Any CPU
		{DB838398-694B-4368-8F4E-01FFCCEEDAA6}.AppStore|iPhone.ActiveCfg = Release|Any CPU
		{DB838398-694B-4368-8F4E-01FFCCEEDAA6}.AppStore|iPhone.Build.0 = Release|Any CPU
		{DB838398-694B-4368-8F4E-01FFCCEEDAA6}.AppStore|iPhone.Deploy.0 = Release|Any CPU
		{DB838398-694B-4368-8F4E-01FFCCEEDAA6}.AppStore|iPhoneSimulator.ActiveCfg = Release|Any CPU
		{DB838398-694B-4368-8F4E-01FFCCEEDAA6}.AppStore|iPhoneSimulator.Build.0 = Release|Any CPU
		{DB838398-694B-4368-8F4E-01FFCCEEDAA6}.AppStore|iPhoneSimulator.Deploy.0 = Release|Any CPU
		{DB838398-694B-4368-8F4E-01FFCCEEDAA6}.AppStore|x64.ActiveCfg = Release|Any CPU
		{DB838398-694B-4368-8F4E-01FFCCEEDAA6}.AppStore|x64.Build.0 = Release|Any CPU
		{DB838398-694B-4368-8F4E-01FFCCEEDAA6}.AppStore|x64.Deploy.0 = Release|Any CPU
		{DB838398-694B-4368-8F4E-01FFCCEEDAA6}.AppStore|x86.ActiveCfg = Release|Any CPU
		{DB838398-694B-4368-8F4E-01FFCCEEDAA6}.AppStore|x86.Build.0 = Release|Any CPU
		{DB838398-694B-4368-8F4E-01FFCCEEDAA6}.AppStore|x86.Deploy.0 = Release|Any CPU
		{DB838398-694B-4368-8F4E-01FFCCEEDAA6}.Debug|Any CPU.ActiveCfg = Debug|Any CPU
		{DB838398-694B-4368-8F4E-01FFCCEEDAA6}.Debug|Any CPU.Build.0 = Debug|Any CPU
		{DB838398-694B-4368-8F4E-01FFCCEEDAA6}.Debug|Any CPU.Deploy.0 = Debug|Any CPU
		{DB838398-694B-4368-8F4E-01FFCCEEDAA6}.Debug|ARM.ActiveCfg = Debug|Any CPU
		{DB838398-694B-4368-8F4E-01FFCCEEDAA6}.Debug|ARM.Build.0 = Debug|Any CPU
		{DB838398-694B-4368-8F4E-01FFCCEEDAA6}.Debug|ARM.Deploy.0 = Debug|Any CPU
		{DB838398-694B-4368-8F4E-01FFCCEEDAA6}.Debug|iPhone.ActiveCfg = Debug|Any CPU
		{DB838398-694B-4368-8F4E-01FFCCEEDAA6}.Debug|iPhone.Build.0 = Debug|Any CPU
		{DB838398-694B-4368-8F4E-01FFCCEEDAA6}.Debug|iPhone.Deploy.0 = Debug|Any CPU
		{DB838398-694B-4368-8F4E-01FFCCEEDAA6}.Debug|iPhoneSimulator.ActiveCfg = Debug|Any CPU
		{DB838398-694B-4368-8F4E-01FFCCEEDAA6}.Debug|iPhoneSimulator.Build.0 = Debug|Any CPU
		{DB838398-694B-4368-8F4E-01FFCCEEDAA6}.Debug|iPhoneSimulator.Deploy.0 = Debug|Any CPU
		{DB838398-694B-4368-8F4E-01FFCCEEDAA6}.Debug|x64.ActiveCfg = Debug|Any CPU
		{DB838398-694B-4368-8F4E-01FFCCEEDAA6}.Debug|x64.Build.0 = Debug|Any CPU
		{DB838398-694B-4368-8F4E-01FFCCEEDAA6}.Debug|x64.Deploy.0 = Debug|Any CPU
		{DB838398-694B-4368-8F4E-01FFCCEEDAA6}.Debug|x86.ActiveCfg = Debug|Any CPU
		{DB838398-694B-4368-8F4E-01FFCCEEDAA6}.Debug|x86.Build.0 = Debug|Any CPU
		{DB838398-694B-4368-8F4E-01FFCCEEDAA6}.Debug|x86.Deploy.0 = Debug|Any CPU
		{DB838398-694B-4368-8F4E-01FFCCEEDAA6}.Release|Any CPU.ActiveCfg = Release|Any CPU
		{DB838398-694B-4368-8F4E-01FFCCEEDAA6}.Release|Any CPU.Build.0 = Release|Any CPU
		{DB838398-694B-4368-8F4E-01FFCCEEDAA6}.Release|Any CPU.Deploy.0 = Release|Any CPU
		{DB838398-694B-4368-8F4E-01FFCCEEDAA6}.Release|ARM.ActiveCfg = Release|Any CPU
		{DB838398-694B-4368-8F4E-01FFCCEEDAA6}.Release|ARM.Build.0 = Release|Any CPU
		{DB838398-694B-4368-8F4E-01FFCCEEDAA6}.Release|ARM.Deploy.0 = Release|Any CPU
		{DB838398-694B-4368-8F4E-01FFCCEEDAA6}.Release|iPhone.ActiveCfg = Release|Any CPU
		{DB838398-694B-4368-8F4E-01FFCCEEDAA6}.Release|iPhone.Build.0 = Release|Any CPU
		{DB838398-694B-4368-8F4E-01FFCCEEDAA6}.Release|iPhone.Deploy.0 = Release|Any CPU
		{DB838398-694B-4368-8F4E-01FFCCEEDAA6}.Release|iPhoneSimulator.ActiveCfg = Release|Any CPU
		{DB838398-694B-4368-8F4E-01FFCCEEDAA6}.Release|iPhoneSimulator.Build.0 = Release|Any CPU
		{DB838398-694B-4368-8F4E-01FFCCEEDAA6}.Release|iPhoneSimulator.Deploy.0 = Release|Any CPU
		{DB838398-694B-4368-8F4E-01FFCCEEDAA6}.Release|x64.ActiveCfg = Release|Any CPU
		{DB838398-694B-4368-8F4E-01FFCCEEDAA6}.Release|x64.Build.0 = Release|Any CPU
		{DB838398-694B-4368-8F4E-01FFCCEEDAA6}.Release|x64.Deploy.0 = Release|Any CPU
		{DB838398-694B-4368-8F4E-01FFCCEEDAA6}.Release|x86.ActiveCfg = Release|Any CPU
		{DB838398-694B-4368-8F4E-01FFCCEEDAA6}.Release|x86.Build.0 = Release|Any CPU
		{DB838398-694B-4368-8F4E-01FFCCEEDAA6}.Release|x86.Deploy.0 = Release|Any CPU
		{5AD8FAAD-CD41-4DCE-ADFB-C96F7EDF4D73}.Ad-Hoc|Any CPU.ActiveCfg = Ad-Hoc|iPhone
		{5AD8FAAD-CD41-4DCE-ADFB-C96F7EDF4D73}.Ad-Hoc|ARM.ActiveCfg = Ad-Hoc|iPhone
		{5AD8FAAD-CD41-4DCE-ADFB-C96F7EDF4D73}.Ad-Hoc|iPhone.ActiveCfg = Ad-Hoc|iPhone
		{5AD8FAAD-CD41-4DCE-ADFB-C96F7EDF4D73}.Ad-Hoc|iPhone.Build.0 = Ad-Hoc|iPhone
		{5AD8FAAD-CD41-4DCE-ADFB-C96F7EDF4D73}.Ad-Hoc|iPhoneSimulator.ActiveCfg = Ad-Hoc|iPhoneSimulator
		{5AD8FAAD-CD41-4DCE-ADFB-C96F7EDF4D73}.Ad-Hoc|iPhoneSimulator.Build.0 = Ad-Hoc|iPhoneSimulator
		{5AD8FAAD-CD41-4DCE-ADFB-C96F7EDF4D73}.Ad-Hoc|x64.ActiveCfg = Ad-Hoc|iPhone
		{5AD8FAAD-CD41-4DCE-ADFB-C96F7EDF4D73}.Ad-Hoc|x86.ActiveCfg = Ad-Hoc|iPhone
		{5AD8FAAD-CD41-4DCE-ADFB-C96F7EDF4D73}.AppStore|Any CPU.ActiveCfg = AppStore|iPhone
		{5AD8FAAD-CD41-4DCE-ADFB-C96F7EDF4D73}.AppStore|ARM.ActiveCfg = AppStore|iPhone
		{5AD8FAAD-CD41-4DCE-ADFB-C96F7EDF4D73}.AppStore|iPhone.ActiveCfg = AppStore|iPhone
		{5AD8FAAD-CD41-4DCE-ADFB-C96F7EDF4D73}.AppStore|iPhone.Build.0 = AppStore|iPhone
		{5AD8FAAD-CD41-4DCE-ADFB-C96F7EDF4D73}.AppStore|iPhoneSimulator.ActiveCfg = AppStore|iPhoneSimulator
		{5AD8FAAD-CD41-4DCE-ADFB-C96F7EDF4D73}.AppStore|iPhoneSimulator.Build.0 = AppStore|iPhoneSimulator
		{5AD8FAAD-CD41-4DCE-ADFB-C96F7EDF4D73}.AppStore|x64.ActiveCfg = AppStore|iPhone
		{5AD8FAAD-CD41-4DCE-ADFB-C96F7EDF4D73}.AppStore|x86.ActiveCfg = AppStore|iPhone
		{5AD8FAAD-CD41-4DCE-ADFB-C96F7EDF4D73}.Debug|Any CPU.ActiveCfg = Debug|iPhone
		{5AD8FAAD-CD41-4DCE-ADFB-C96F7EDF4D73}.Debug|ARM.ActiveCfg = Debug|iPhone
		{5AD8FAAD-CD41-4DCE-ADFB-C96F7EDF4D73}.Debug|iPhone.ActiveCfg = Debug|iPhone
		{5AD8FAAD-CD41-4DCE-ADFB-C96F7EDF4D73}.Debug|iPhone.Build.0 = Debug|iPhone
		{5AD8FAAD-CD41-4DCE-ADFB-C96F7EDF4D73}.Debug|iPhoneSimulator.ActiveCfg = Debug|iPhoneSimulator
		{5AD8FAAD-CD41-4DCE-ADFB-C96F7EDF4D73}.Debug|iPhoneSimulator.Build.0 = Debug|iPhoneSimulator
		{5AD8FAAD-CD41-4DCE-ADFB-C96F7EDF4D73}.Debug|x64.ActiveCfg = Debug|iPhone
		{5AD8FAAD-CD41-4DCE-ADFB-C96F7EDF4D73}.Debug|x86.ActiveCfg = Debug|iPhone
		{5AD8FAAD-CD41-4DCE-ADFB-C96F7EDF4D73}.Release|Any CPU.ActiveCfg = Release|iPhone
		{5AD8FAAD-CD41-4DCE-ADFB-C96F7EDF4D73}.Release|ARM.ActiveCfg = Release|iPhone
		{5AD8FAAD-CD41-4DCE-ADFB-C96F7EDF4D73}.Release|iPhone.ActiveCfg = Release|iPhone
		{5AD8FAAD-CD41-4DCE-ADFB-C96F7EDF4D73}.Release|iPhone.Build.0 = Release|iPhone
		{5AD8FAAD-CD41-4DCE-ADFB-C96F7EDF4D73}.Release|iPhoneSimulator.ActiveCfg = Release|iPhoneSimulator
		{5AD8FAAD-CD41-4DCE-ADFB-C96F7EDF4D73}.Release|iPhoneSimulator.Build.0 = Release|iPhoneSimulator
		{5AD8FAAD-CD41-4DCE-ADFB-C96F7EDF4D73}.Release|x64.ActiveCfg = Release|iPhone
		{5AD8FAAD-CD41-4DCE-ADFB-C96F7EDF4D73}.Release|x86.ActiveCfg = Release|iPhone
		{1C8566DF-FF60-4AB3-BA3B-DF821728E2F6}.Ad-Hoc|Any CPU.ActiveCfg = Release|Any CPU
		{1C8566DF-FF60-4AB3-BA3B-DF821728E2F6}.Ad-Hoc|Any CPU.Build.0 = Release|Any CPU
		{1C8566DF-FF60-4AB3-BA3B-DF821728E2F6}.Ad-Hoc|Any CPU.Deploy.0 = Release|Any CPU
		{1C8566DF-FF60-4AB3-BA3B-DF821728E2F6}.Ad-Hoc|ARM.ActiveCfg = Release|ARM
		{1C8566DF-FF60-4AB3-BA3B-DF821728E2F6}.Ad-Hoc|ARM.Build.0 = Release|ARM
		{1C8566DF-FF60-4AB3-BA3B-DF821728E2F6}.Ad-Hoc|ARM.Deploy.0 = Release|ARM
		{1C8566DF-FF60-4AB3-BA3B-DF821728E2F6}.Ad-Hoc|iPhone.ActiveCfg = Release|Any CPU
		{1C8566DF-FF60-4AB3-BA3B-DF821728E2F6}.Ad-Hoc|iPhone.Build.0 = Release|Any CPU
		{1C8566DF-FF60-4AB3-BA3B-DF821728E2F6}.Ad-Hoc|iPhone.Deploy.0 = Release|Any CPU
		{1C8566DF-FF60-4AB3-BA3B-DF821728E2F6}.Ad-Hoc|iPhoneSimulator.ActiveCfg = Release|Any CPU
		{1C8566DF-FF60-4AB3-BA3B-DF821728E2F6}.Ad-Hoc|iPhoneSimulator.Build.0 = Release|Any CPU
		{1C8566DF-FF60-4AB3-BA3B-DF821728E2F6}.Ad-Hoc|iPhoneSimulator.Deploy.0 = Release|Any CPU
		{1C8566DF-FF60-4AB3-BA3B-DF821728E2F6}.Ad-Hoc|x64.ActiveCfg = Release|Any CPU
		{1C8566DF-FF60-4AB3-BA3B-DF821728E2F6}.Ad-Hoc|x64.Build.0 = Release|Any CPU
		{1C8566DF-FF60-4AB3-BA3B-DF821728E2F6}.Ad-Hoc|x64.Deploy.0 = Release|Any CPU
		{1C8566DF-FF60-4AB3-BA3B-DF821728E2F6}.Ad-Hoc|x86.ActiveCfg = Release|x86
		{1C8566DF-FF60-4AB3-BA3B-DF821728E2F6}.Ad-Hoc|x86.Build.0 = Release|x86
		{1C8566DF-FF60-4AB3-BA3B-DF821728E2F6}.Ad-Hoc|x86.Deploy.0 = Release|x86
		{1C8566DF-FF60-4AB3-BA3B-DF821728E2F6}.AppStore|Any CPU.ActiveCfg = Release|Any CPU
		{1C8566DF-FF60-4AB3-BA3B-DF821728E2F6}.AppStore|Any CPU.Build.0 = Release|Any CPU
		{1C8566DF-FF60-4AB3-BA3B-DF821728E2F6}.AppStore|Any CPU.Deploy.0 = Release|Any CPU
		{1C8566DF-FF60-4AB3-BA3B-DF821728E2F6}.AppStore|ARM.ActiveCfg = Release|ARM
		{1C8566DF-FF60-4AB3-BA3B-DF821728E2F6}.AppStore|ARM.Build.0 = Release|ARM
		{1C8566DF-FF60-4AB3-BA3B-DF821728E2F6}.AppStore|ARM.Deploy.0 = Release|ARM
		{1C8566DF-FF60-4AB3-BA3B-DF821728E2F6}.AppStore|iPhone.ActiveCfg = Release|Any CPU
		{1C8566DF-FF60-4AB3-BA3B-DF821728E2F6}.AppStore|iPhone.Build.0 = Release|Any CPU
		{1C8566DF-FF60-4AB3-BA3B-DF821728E2F6}.AppStore|iPhone.Deploy.0 = Release|Any CPU
		{1C8566DF-FF60-4AB3-BA3B-DF821728E2F6}.AppStore|iPhoneSimulator.ActiveCfg = Release|Any CPU
		{1C8566DF-FF60-4AB3-BA3B-DF821728E2F6}.AppStore|iPhoneSimulator.Build.0 = Release|Any CPU
		{1C8566DF-FF60-4AB3-BA3B-DF821728E2F6}.AppStore|iPhoneSimulator.Deploy.0 = Release|Any CPU
		{1C8566DF-FF60-4AB3-BA3B-DF821728E2F6}.AppStore|x64.ActiveCfg = Release|Any CPU
		{1C8566DF-FF60-4AB3-BA3B-DF821728E2F6}.AppStore|x64.Build.0 = Release|Any CPU
		{1C8566DF-FF60-4AB3-BA3B-DF821728E2F6}.AppStore|x64.Deploy.0 = Release|Any CPU
		{1C8566DF-FF60-4AB3-BA3B-DF821728E2F6}.AppStore|x86.ActiveCfg = Release|x86
		{1C8566DF-FF60-4AB3-BA3B-DF821728E2F6}.AppStore|x86.Build.0 = Release|x86
		{1C8566DF-FF60-4AB3-BA3B-DF821728E2F6}.AppStore|x86.Deploy.0 = Release|x86
		{1C8566DF-FF60-4AB3-BA3B-DF821728E2F6}.Debug|Any CPU.ActiveCfg = Debug|Any CPU
		{1C8566DF-FF60-4AB3-BA3B-DF821728E2F6}.Debug|Any CPU.Build.0 = Debug|Any CPU
		{1C8566DF-FF60-4AB3-BA3B-DF821728E2F6}.Debug|Any CPU.Deploy.0 = Debug|Any CPU
		{1C8566DF-FF60-4AB3-BA3B-DF821728E2F6}.Debug|ARM.ActiveCfg = Debug|ARM
		{1C8566DF-FF60-4AB3-BA3B-DF821728E2F6}.Debug|ARM.Build.0 = Debug|ARM
		{1C8566DF-FF60-4AB3-BA3B-DF821728E2F6}.Debug|ARM.Deploy.0 = Debug|ARM
		{1C8566DF-FF60-4AB3-BA3B-DF821728E2F6}.Debug|iPhone.ActiveCfg = Debug|Any CPU
		{1C8566DF-FF60-4AB3-BA3B-DF821728E2F6}.Debug|iPhone.Build.0 = Debug|Any CPU
		{1C8566DF-FF60-4AB3-BA3B-DF821728E2F6}.Debug|iPhone.Deploy.0 = Debug|Any CPU
		{1C8566DF-FF60-4AB3-BA3B-DF821728E2F6}.Debug|iPhoneSimulator.ActiveCfg = Debug|Any CPU
		{1C8566DF-FF60-4AB3-BA3B-DF821728E2F6}.Debug|iPhoneSimulator.Build.0 = Debug|Any CPU
		{1C8566DF-FF60-4AB3-BA3B-DF821728E2F6}.Debug|iPhoneSimulator.Deploy.0 = Debug|Any CPU
		{1C8566DF-FF60-4AB3-BA3B-DF821728E2F6}.Debug|x64.ActiveCfg = Debug|Any CPU
		{1C8566DF-FF60-4AB3-BA3B-DF821728E2F6}.Debug|x64.Build.0 = Debug|Any CPU
		{1C8566DF-FF60-4AB3-BA3B-DF821728E2F6}.Debug|x64.Deploy.0 = Debug|Any CPU
		{1C8566DF-FF60-4AB3-BA3B-DF821728E2F6}.Debug|x86.ActiveCfg = Debug|x86
		{1C8566DF-FF60-4AB3-BA3B-DF821728E2F6}.Debug|x86.Build.0 = Debug|x86
		{1C8566DF-FF60-4AB3-BA3B-DF821728E2F6}.Debug|x86.Deploy.0 = Debug|x86
		{1C8566DF-FF60-4AB3-BA3B-DF821728E2F6}.Release|Any CPU.ActiveCfg = Release|Any CPU
		{1C8566DF-FF60-4AB3-BA3B-DF821728E2F6}.Release|Any CPU.Build.0 = Release|Any CPU
		{1C8566DF-FF60-4AB3-BA3B-DF821728E2F6}.Release|Any CPU.Deploy.0 = Release|Any CPU
		{1C8566DF-FF60-4AB3-BA3B-DF821728E2F6}.Release|ARM.ActiveCfg = Release|ARM
		{1C8566DF-FF60-4AB3-BA3B-DF821728E2F6}.Release|ARM.Build.0 = Release|ARM
		{1C8566DF-FF60-4AB3-BA3B-DF821728E2F6}.Release|ARM.Deploy.0 = Release|ARM
		{1C8566DF-FF60-4AB3-BA3B-DF821728E2F6}.Release|iPhone.ActiveCfg = Release|Any CPU
		{1C8566DF-FF60-4AB3-BA3B-DF821728E2F6}.Release|iPhone.Build.0 = Release|Any CPU
		{1C8566DF-FF60-4AB3-BA3B-DF821728E2F6}.Release|iPhone.Deploy.0 = Release|Any CPU
		{1C8566DF-FF60-4AB3-BA3B-DF821728E2F6}.Release|iPhoneSimulator.ActiveCfg = Release|Any CPU
		{1C8566DF-FF60-4AB3-BA3B-DF821728E2F6}.Release|iPhoneSimulator.Build.0 = Release|Any CPU
		{1C8566DF-FF60-4AB3-BA3B-DF821728E2F6}.Release|iPhoneSimulator.Deploy.0 = Release|Any CPU
		{1C8566DF-FF60-4AB3-BA3B-DF821728E2F6}.Release|x64.ActiveCfg = Release|Any CPU
		{1C8566DF-FF60-4AB3-BA3B-DF821728E2F6}.Release|x64.Build.0 = Release|Any CPU
		{1C8566DF-FF60-4AB3-BA3B-DF821728E2F6}.Release|x64.Deploy.0 = Release|Any CPU
		{1C8566DF-FF60-4AB3-BA3B-DF821728E2F6}.Release|x86.ActiveCfg = Release|x86
		{1C8566DF-FF60-4AB3-BA3B-DF821728E2F6}.Release|x86.Build.0 = Release|x86
		{1C8566DF-FF60-4AB3-BA3B-DF821728E2F6}.Release|x86.Deploy.0 = Release|x86
		{894A4068-9811-46C1-8FF4-90A2419EF8CF}.Ad-Hoc|Any CPU.ActiveCfg = Release|x86
		{894A4068-9811-46C1-8FF4-90A2419EF8CF}.Ad-Hoc|Any CPU.Build.0 = Release|x86
		{894A4068-9811-46C1-8FF4-90A2419EF8CF}.Ad-Hoc|Any CPU.Deploy.0 = Release|x86
		{894A4068-9811-46C1-8FF4-90A2419EF8CF}.Ad-Hoc|ARM.ActiveCfg = Release|ARM
		{894A4068-9811-46C1-8FF4-90A2419EF8CF}.Ad-Hoc|ARM.Build.0 = Release|ARM
		{894A4068-9811-46C1-8FF4-90A2419EF8CF}.Ad-Hoc|ARM.Deploy.0 = Release|ARM
		{894A4068-9811-46C1-8FF4-90A2419EF8CF}.Ad-Hoc|iPhone.ActiveCfg = Release|x86
		{894A4068-9811-46C1-8FF4-90A2419EF8CF}.Ad-Hoc|iPhone.Build.0 = Release|x86
		{894A4068-9811-46C1-8FF4-90A2419EF8CF}.Ad-Hoc|iPhone.Deploy.0 = Release|x86
		{894A4068-9811-46C1-8FF4-90A2419EF8CF}.Ad-Hoc|iPhoneSimulator.ActiveCfg = Release|x86
		{894A4068-9811-46C1-8FF4-90A2419EF8CF}.Ad-Hoc|iPhoneSimulator.Build.0 = Release|x86
		{894A4068-9811-46C1-8FF4-90A2419EF8CF}.Ad-Hoc|iPhoneSimulator.Deploy.0 = Release|x86
		{894A4068-9811-46C1-8FF4-90A2419EF8CF}.Ad-Hoc|x64.ActiveCfg = Release|x64
		{894A4068-9811-46C1-8FF4-90A2419EF8CF}.Ad-Hoc|x64.Build.0 = Release|x64
		{894A4068-9811-46C1-8FF4-90A2419EF8CF}.Ad-Hoc|x64.Deploy.0 = Release|x64
		{894A4068-9811-46C1-8FF4-90A2419EF8CF}.Ad-Hoc|x86.ActiveCfg = Release|x86
		{894A4068-9811-46C1-8FF4-90A2419EF8CF}.Ad-Hoc|x86.Build.0 = Release|x86
		{894A4068-9811-46C1-8FF4-90A2419EF8CF}.Ad-Hoc|x86.Deploy.0 = Release|x86
		{894A4068-9811-46C1-8FF4-90A2419EF8CF}.AppStore|Any CPU.ActiveCfg = Release|x86
		{894A4068-9811-46C1-8FF4-90A2419EF8CF}.AppStore|Any CPU.Build.0 = Release|x86
		{894A4068-9811-46C1-8FF4-90A2419EF8CF}.AppStore|Any CPU.Deploy.0 = Release|x86
		{894A4068-9811-46C1-8FF4-90A2419EF8CF}.AppStore|ARM.ActiveCfg = Release|ARM
		{894A4068-9811-46C1-8FF4-90A2419EF8CF}.AppStore|ARM.Build.0 = Release|ARM
		{894A4068-9811-46C1-8FF4-90A2419EF8CF}.AppStore|ARM.Deploy.0 = Release|ARM
		{894A4068-9811-46C1-8FF4-90A2419EF8CF}.AppStore|iPhone.ActiveCfg = Release|x86
		{894A4068-9811-46C1-8FF4-90A2419EF8CF}.AppStore|iPhone.Build.0 = Release|x86
		{894A4068-9811-46C1-8FF4-90A2419EF8CF}.AppStore|iPhone.Deploy.0 = Release|x86
		{894A4068-9811-46C1-8FF4-90A2419EF8CF}.AppStore|iPhoneSimulator.ActiveCfg = Release|x86
		{894A4068-9811-46C1-8FF4-90A2419EF8CF}.AppStore|iPhoneSimulator.Build.0 = Release|x86
		{894A4068-9811-46C1-8FF4-90A2419EF8CF}.AppStore|iPhoneSimulator.Deploy.0 = Release|x86
		{894A4068-9811-46C1-8FF4-90A2419EF8CF}.AppStore|x64.ActiveCfg = Release|x64
		{894A4068-9811-46C1-8FF4-90A2419EF8CF}.AppStore|x64.Build.0 = Release|x64
		{894A4068-9811-46C1-8FF4-90A2419EF8CF}.AppStore|x64.Deploy.0 = Release|x64
		{894A4068-9811-46C1-8FF4-90A2419EF8CF}.AppStore|x86.ActiveCfg = Release|x86
		{894A4068-9811-46C1-8FF4-90A2419EF8CF}.AppStore|x86.Build.0 = Release|x86
		{894A4068-9811-46C1-8FF4-90A2419EF8CF}.AppStore|x86.Deploy.0 = Release|x86
		{894A4068-9811-46C1-8FF4-90A2419EF8CF}.Debug|Any CPU.ActiveCfg = Debug|x86
		{894A4068-9811-46C1-8FF4-90A2419EF8CF}.Debug|ARM.ActiveCfg = Debug|ARM
		{894A4068-9811-46C1-8FF4-90A2419EF8CF}.Debug|ARM.Build.0 = Debug|ARM
		{894A4068-9811-46C1-8FF4-90A2419EF8CF}.Debug|ARM.Deploy.0 = Debug|ARM
		{894A4068-9811-46C1-8FF4-90A2419EF8CF}.Debug|iPhone.ActiveCfg = Debug|x86
		{894A4068-9811-46C1-8FF4-90A2419EF8CF}.Debug|iPhoneSimulator.ActiveCfg = Debug|x86
		{894A4068-9811-46C1-8FF4-90A2419EF8CF}.Debug|x64.ActiveCfg = Debug|x64
		{894A4068-9811-46C1-8FF4-90A2419EF8CF}.Debug|x64.Build.0 = Debug|x64
		{894A4068-9811-46C1-8FF4-90A2419EF8CF}.Debug|x64.Deploy.0 = Debug|x64
		{894A4068-9811-46C1-8FF4-90A2419EF8CF}.Debug|x86.ActiveCfg = Debug|x86
		{894A4068-9811-46C1-8FF4-90A2419EF8CF}.Debug|x86.Build.0 = Debug|x86
		{894A4068-9811-46C1-8FF4-90A2419EF8CF}.Debug|x86.Deploy.0 = Debug|x86
		{894A4068-9811-46C1-8FF4-90A2419EF8CF}.Release|Any CPU.ActiveCfg = Release|x86
		{894A4068-9811-46C1-8FF4-90A2419EF8CF}.Release|ARM.ActiveCfg = Release|ARM
		{894A4068-9811-46C1-8FF4-90A2419EF8CF}.Release|ARM.Build.0 = Release|ARM
		{894A4068-9811-46C1-8FF4-90A2419EF8CF}.Release|ARM.Deploy.0 = Release|ARM
		{894A4068-9811-46C1-8FF4-90A2419EF8CF}.Release|iPhone.ActiveCfg = Release|x86
		{894A4068-9811-46C1-8FF4-90A2419EF8CF}.Release|iPhoneSimulator.ActiveCfg = Release|x86
		{894A4068-9811-46C1-8FF4-90A2419EF8CF}.Release|x64.ActiveCfg = Release|x64
		{894A4068-9811-46C1-8FF4-90A2419EF8CF}.Release|x64.Build.0 = Release|x64
		{894A4068-9811-46C1-8FF4-90A2419EF8CF}.Release|x64.Deploy.0 = Release|x64
		{894A4068-9811-46C1-8FF4-90A2419EF8CF}.Release|x86.ActiveCfg = Release|x86
		{894A4068-9811-46C1-8FF4-90A2419EF8CF}.Release|x86.Build.0 = Release|x86
		{894A4068-9811-46C1-8FF4-90A2419EF8CF}.Release|x86.Deploy.0 = Release|x86
		{530EE09C-3D1C-431F-B399-7334D787400D}.Ad-Hoc|Any CPU.ActiveCfg = Release|Any CPU
		{530EE09C-3D1C-431F-B399-7334D787400D}.Ad-Hoc|Any CPU.Build.0 = Release|Any CPU
		{530EE09C-3D1C-431F-B399-7334D787400D}.Ad-Hoc|Any CPU.Deploy.0 = Release|Any CPU
		{530EE09C-3D1C-431F-B399-7334D787400D}.Ad-Hoc|ARM.ActiveCfg = Release|ARM
		{530EE09C-3D1C-431F-B399-7334D787400D}.Ad-Hoc|ARM.Build.0 = Release|ARM
		{530EE09C-3D1C-431F-B399-7334D787400D}.Ad-Hoc|ARM.Deploy.0 = Release|ARM
		{530EE09C-3D1C-431F-B399-7334D787400D}.Ad-Hoc|iPhone.ActiveCfg = Release|Any CPU
		{530EE09C-3D1C-431F-B399-7334D787400D}.Ad-Hoc|iPhone.Build.0 = Release|Any CPU
		{530EE09C-3D1C-431F-B399-7334D787400D}.Ad-Hoc|iPhone.Deploy.0 = Release|Any CPU
		{530EE09C-3D1C-431F-B399-7334D787400D}.Ad-Hoc|iPhoneSimulator.ActiveCfg = Release|Any CPU
		{530EE09C-3D1C-431F-B399-7334D787400D}.Ad-Hoc|iPhoneSimulator.Build.0 = Release|Any CPU
		{530EE09C-3D1C-431F-B399-7334D787400D}.Ad-Hoc|iPhoneSimulator.Deploy.0 = Release|Any CPU
		{530EE09C-3D1C-431F-B399-7334D787400D}.Ad-Hoc|x64.ActiveCfg = Release|x64
		{530EE09C-3D1C-431F-B399-7334D787400D}.Ad-Hoc|x64.Build.0 = Release|x64
		{530EE09C-3D1C-431F-B399-7334D787400D}.Ad-Hoc|x64.Deploy.0 = Release|x64
		{530EE09C-3D1C-431F-B399-7334D787400D}.Ad-Hoc|x86.ActiveCfg = Release|x86
		{530EE09C-3D1C-431F-B399-7334D787400D}.Ad-Hoc|x86.Build.0 = Release|x86
		{530EE09C-3D1C-431F-B399-7334D787400D}.Ad-Hoc|x86.Deploy.0 = Release|x86
		{530EE09C-3D1C-431F-B399-7334D787400D}.AppStore|Any CPU.ActiveCfg = Release|Any CPU
		{530EE09C-3D1C-431F-B399-7334D787400D}.AppStore|Any CPU.Build.0 = Release|Any CPU
		{530EE09C-3D1C-431F-B399-7334D787400D}.AppStore|Any CPU.Deploy.0 = Release|Any CPU
		{530EE09C-3D1C-431F-B399-7334D787400D}.AppStore|ARM.ActiveCfg = Release|ARM
		{530EE09C-3D1C-431F-B399-7334D787400D}.AppStore|ARM.Build.0 = Release|ARM
		{530EE09C-3D1C-431F-B399-7334D787400D}.AppStore|ARM.Deploy.0 = Release|ARM
		{530EE09C-3D1C-431F-B399-7334D787400D}.AppStore|iPhone.ActiveCfg = Release|Any CPU
		{530EE09C-3D1C-431F-B399-7334D787400D}.AppStore|iPhone.Build.0 = Release|Any CPU
		{530EE09C-3D1C-431F-B399-7334D787400D}.AppStore|iPhone.Deploy.0 = Release|Any CPU
		{530EE09C-3D1C-431F-B399-7334D787400D}.AppStore|iPhoneSimulator.ActiveCfg = Release|Any CPU
		{530EE09C-3D1C-431F-B399-7334D787400D}.AppStore|iPhoneSimulator.Build.0 = Release|Any CPU
		{530EE09C-3D1C-431F-B399-7334D787400D}.AppStore|iPhoneSimulator.Deploy.0 = Release|Any CPU
		{530EE09C-3D1C-431F-B399-7334D787400D}.AppStore|x64.ActiveCfg = Release|x64
		{530EE09C-3D1C-431F-B399-7334D787400D}.AppStore|x64.Build.0 = Release|x64
		{530EE09C-3D1C-431F-B399-7334D787400D}.AppStore|x64.Deploy.0 = Release|x64
		{530EE09C-3D1C-431F-B399-7334D787400D}.AppStore|x86.ActiveCfg = Release|x86
		{530EE09C-3D1C-431F-B399-7334D787400D}.AppStore|x86.Build.0 = Release|x86
		{530EE09C-3D1C-431F-B399-7334D787400D}.AppStore|x86.Deploy.0 = Release|x86
		{530EE09C-3D1C-431F-B399-7334D787400D}.Debug|Any CPU.ActiveCfg = Debug|Any CPU
		{530EE09C-3D1C-431F-B399-7334D787400D}.Debug|Any CPU.Build.0 = Debug|Any CPU
		{530EE09C-3D1C-431F-B399-7334D787400D}.Debug|Any CPU.Deploy.0 = Debug|Any CPU
		{530EE09C-3D1C-431F-B399-7334D787400D}.Debug|ARM.ActiveCfg = Debug|ARM
		{530EE09C-3D1C-431F-B399-7334D787400D}.Debug|ARM.Build.0 = Debug|ARM
		{530EE09C-3D1C-431F-B399-7334D787400D}.Debug|ARM.Deploy.0 = Debug|ARM
		{530EE09C-3D1C-431F-B399-7334D787400D}.Debug|iPhone.ActiveCfg = Debug|Any CPU
		{530EE09C-3D1C-431F-B399-7334D787400D}.Debug|iPhone.Build.0 = Debug|Any CPU
		{530EE09C-3D1C-431F-B399-7334D787400D}.Debug|iPhone.Deploy.0 = Debug|Any CPU
		{530EE09C-3D1C-431F-B399-7334D787400D}.Debug|iPhoneSimulator.ActiveCfg = Debug|Any CPU
		{530EE09C-3D1C-431F-B399-7334D787400D}.Debug|iPhoneSimulator.Build.0 = Debug|Any CPU
		{530EE09C-3D1C-431F-B399-7334D787400D}.Debug|iPhoneSimulator.Deploy.0 = Debug|Any CPU
		{530EE09C-3D1C-431F-B399-7334D787400D}.Debug|x64.ActiveCfg = Debug|x64
		{530EE09C-3D1C-431F-B399-7334D787400D}.Debug|x64.Build.0 = Debug|x64
		{530EE09C-3D1C-431F-B399-7334D787400D}.Debug|x64.Deploy.0 = Debug|x64
		{530EE09C-3D1C-431F-B399-7334D787400D}.Debug|x86.ActiveCfg = Debug|x86
		{530EE09C-3D1C-431F-B399-7334D787400D}.Debug|x86.Build.0 = Debug|x86
		{530EE09C-3D1C-431F-B399-7334D787400D}.Debug|x86.Deploy.0 = Debug|x86
		{530EE09C-3D1C-431F-B399-7334D787400D}.Release|Any CPU.ActiveCfg = Release|Any CPU
		{530EE09C-3D1C-431F-B399-7334D787400D}.Release|Any CPU.Build.0 = Release|Any CPU
		{530EE09C-3D1C-431F-B399-7334D787400D}.Release|Any CPU.Deploy.0 = Release|Any CPU
		{530EE09C-3D1C-431F-B399-7334D787400D}.Release|ARM.ActiveCfg = Release|ARM
		{530EE09C-3D1C-431F-B399-7334D787400D}.Release|ARM.Build.0 = Release|ARM
		{530EE09C-3D1C-431F-B399-7334D787400D}.Release|ARM.Deploy.0 = Release|ARM
		{530EE09C-3D1C-431F-B399-7334D787400D}.Release|iPhone.ActiveCfg = Release|Any CPU
		{530EE09C-3D1C-431F-B399-7334D787400D}.Release|iPhone.Build.0 = Release|Any CPU
		{530EE09C-3D1C-431F-B399-7334D787400D}.Release|iPhone.Deploy.0 = Release|Any CPU
		{530EE09C-3D1C-431F-B399-7334D787400D}.Release|iPhoneSimulator.ActiveCfg = Release|Any CPU
		{530EE09C-3D1C-431F-B399-7334D787400D}.Release|iPhoneSimulator.Build.0 = Release|Any CPU
		{530EE09C-3D1C-431F-B399-7334D787400D}.Release|iPhoneSimulator.Deploy.0 = Release|Any CPU
		{530EE09C-3D1C-431F-B399-7334D787400D}.Release|x64.ActiveCfg = Release|x64
		{530EE09C-3D1C-431F-B399-7334D787400D}.Release|x64.Build.0 = Release|x64
		{530EE09C-3D1C-431F-B399-7334D787400D}.Release|x64.Deploy.0 = Release|x64
		{530EE09C-3D1C-431F-B399-7334D787400D}.Release|x86.ActiveCfg = Release|x86
		{530EE09C-3D1C-431F-B399-7334D787400D}.Release|x86.Build.0 = Release|x86
		{530EE09C-3D1C-431F-B399-7334D787400D}.Release|x86.Deploy.0 = Release|x86
		{C25BB792-D049-4EC7-94F2-44B67EABC1F3}.Ad-Hoc|Any CPU.ActiveCfg = Release|Any CPU
		{C25BB792-D049-4EC7-94F2-44B67EABC1F3}.Ad-Hoc|Any CPU.Build.0 = Release|Any CPU
		{C25BB792-D049-4EC7-94F2-44B67EABC1F3}.Ad-Hoc|ARM.ActiveCfg = Release|Any CPU
		{C25BB792-D049-4EC7-94F2-44B67EABC1F3}.Ad-Hoc|ARM.Build.0 = Release|Any CPU
		{C25BB792-D049-4EC7-94F2-44B67EABC1F3}.Ad-Hoc|iPhone.ActiveCfg = Release|Any CPU
		{C25BB792-D049-4EC7-94F2-44B67EABC1F3}.Ad-Hoc|iPhone.Build.0 = Release|Any CPU
		{C25BB792-D049-4EC7-94F2-44B67EABC1F3}.Ad-Hoc|iPhoneSimulator.ActiveCfg = Release|Any CPU
		{C25BB792-D049-4EC7-94F2-44B67EABC1F3}.Ad-Hoc|iPhoneSimulator.Build.0 = Release|Any CPU
		{C25BB792-D049-4EC7-94F2-44B67EABC1F3}.Ad-Hoc|x64.ActiveCfg = Release|Any CPU
		{C25BB792-D049-4EC7-94F2-44B67EABC1F3}.Ad-Hoc|x64.Build.0 = Release|Any CPU
		{C25BB792-D049-4EC7-94F2-44B67EABC1F3}.Ad-Hoc|x86.ActiveCfg = Release|Any CPU
		{C25BB792-D049-4EC7-94F2-44B67EABC1F3}.Ad-Hoc|x86.Build.0 = Release|Any CPU
		{C25BB792-D049-4EC7-94F2-44B67EABC1F3}.AppStore|Any CPU.ActiveCfg = Release|Any CPU
		{C25BB792-D049-4EC7-94F2-44B67EABC1F3}.AppStore|Any CPU.Build.0 = Release|Any CPU
		{C25BB792-D049-4EC7-94F2-44B67EABC1F3}.AppStore|ARM.ActiveCfg = Release|Any CPU
		{C25BB792-D049-4EC7-94F2-44B67EABC1F3}.AppStore|ARM.Build.0 = Release|Any CPU
		{C25BB792-D049-4EC7-94F2-44B67EABC1F3}.AppStore|iPhone.ActiveCfg = Release|Any CPU
		{C25BB792-D049-4EC7-94F2-44B67EABC1F3}.AppStore|iPhone.Build.0 = Release|Any CPU
		{C25BB792-D049-4EC7-94F2-44B67EABC1F3}.AppStore|iPhoneSimulator.ActiveCfg = Release|Any CPU
		{C25BB792-D049-4EC7-94F2-44B67EABC1F3}.AppStore|iPhoneSimulator.Build.0 = Release|Any CPU
		{C25BB792-D049-4EC7-94F2-44B67EABC1F3}.AppStore|x64.ActiveCfg = Release|Any CPU
		{C25BB792-D049-4EC7-94F2-44B67EABC1F3}.AppStore|x64.Build.0 = Release|Any CPU
		{C25BB792-D049-4EC7-94F2-44B67EABC1F3}.AppStore|x86.ActiveCfg = Release|Any CPU
		{C25BB792-D049-4EC7-94F2-44B67EABC1F3}.AppStore|x86.Build.0 = Release|Any CPU
		{C25BB792-D049-4EC7-94F2-44B67EABC1F3}.Debug|Any CPU.ActiveCfg = Debug|Any CPU
		{C25BB792-D049-4EC7-94F2-44B67EABC1F3}.Debug|Any CPU.Build.0 = Debug|Any CPU
		{C25BB792-D049-4EC7-94F2-44B67EABC1F3}.Debug|ARM.ActiveCfg = Debug|Any CPU
		{C25BB792-D049-4EC7-94F2-44B67EABC1F3}.Debug|ARM.Build.0 = Debug|Any CPU
		{C25BB792-D049-4EC7-94F2-44B67EABC1F3}.Debug|iPhone.ActiveCfg = Debug|Any CPU
		{C25BB792-D049-4EC7-94F2-44B67EABC1F3}.Debug|iPhone.Build.0 = Debug|Any CPU
		{C25BB792-D049-4EC7-94F2-44B67EABC1F3}.Debug|iPhoneSimulator.ActiveCfg = Debug|Any CPU
		{C25BB792-D049-4EC7-94F2-44B67EABC1F3}.Debug|iPhoneSimulator.Build.0 = Debug|Any CPU
		{C25BB792-D049-4EC7-94F2-44B67EABC1F3}.Debug|x64.ActiveCfg = Debug|Any CPU
		{C25BB792-D049-4EC7-94F2-44B67EABC1F3}.Debug|x64.Build.0 = Debug|Any CPU
		{C25BB792-D049-4EC7-94F2-44B67EABC1F3}.Debug|x86.ActiveCfg = Debug|Any CPU
		{C25BB792-D049-4EC7-94F2-44B67EABC1F3}.Debug|x86.Build.0 = Debug|Any CPU
		{C25BB792-D049-4EC7-94F2-44B67EABC1F3}.Release|Any CPU.ActiveCfg = Release|Any CPU
		{C25BB792-D049-4EC7-94F2-44B67EABC1F3}.Release|Any CPU.Build.0 = Release|Any CPU
		{C25BB792-D049-4EC7-94F2-44B67EABC1F3}.Release|ARM.ActiveCfg = Release|Any CPU
		{C25BB792-D049-4EC7-94F2-44B67EABC1F3}.Release|ARM.Build.0 = Release|Any CPU
		{C25BB792-D049-4EC7-94F2-44B67EABC1F3}.Release|iPhone.ActiveCfg = Release|Any CPU
		{C25BB792-D049-4EC7-94F2-44B67EABC1F3}.Release|iPhone.Build.0 = Release|Any CPU
		{C25BB792-D049-4EC7-94F2-44B67EABC1F3}.Release|iPhoneSimulator.ActiveCfg = Release|Any CPU
		{C25BB792-D049-4EC7-94F2-44B67EABC1F3}.Release|iPhoneSimulator.Build.0 = Release|Any CPU
		{C25BB792-D049-4EC7-94F2-44B67EABC1F3}.Release|x64.ActiveCfg = Release|Any CPU
		{C25BB792-D049-4EC7-94F2-44B67EABC1F3}.Release|x64.Build.0 = Release|Any CPU
		{C25BB792-D049-4EC7-94F2-44B67EABC1F3}.Release|x86.ActiveCfg = Release|Any CPU
		{C25BB792-D049-4EC7-94F2-44B67EABC1F3}.Release|x86.Build.0 = Release|Any CPU
	EndGlobalSection
	GlobalSection(SolutionProperties) = preSolution
		HideSolutionNode = FALSE
	EndGlobalSection
EndGlobal
